<?xml version="1.0" encoding="utf-8"?>
<Project ToolsVersion="4.0" xmlns="http://schemas.microsoft.com/developer/msbuild/2003">
  <ItemGroup>
    <Filter Include="src">
      <UniqueIdentifier>{4FC737F1-C7A5-4376-A066-2A32D752A2FF}</UniqueIdentifier>
      <Extensions>cpp;c;cc;cxx;def;odl;idl;hpj;bat;asm;asmx</Extensions>
    </Filter>
    <Filter Include="public">
      <UniqueIdentifier>{1b002ec8-203a-417f-9772-eb9d0bb06aeb}</UniqueIdentifier>
    </Filter>
    <Filter Include="public\vector">
      <UniqueIdentifier>{e3936754-d90f-4990-a9ac-6fc71775184d}</UniqueIdentifier>
    </Filter>
    <Filter Include="public\mathlib">
      <UniqueIdentifier>{3b5ae911-f7c6-4f36-8eea-7fb52a558606}</UniqueIdentifier>
    </Filter>
    <Filter Include="public\interface">
      <UniqueIdentifier>{899ff2fa-9883-415d-b224-74b1f58113f0}</UniqueIdentifier>
    </Filter>
  </ItemGroup>
  <ItemGroup>
    <ClCompile Include="..\public\interface\interface.cpp">
      <Filter>public\interface</Filter>
    </ClCompile>
    <ClCompile Include="..\src\pman_frustum.cpp">
      <Filter>src</Filter>
    </ClCompile>
    <ClCompile Include="..\src\pman_main.cpp">
      <Filter>src</Filter>
    </ClCompile>
    <ClCompile Include="..\src\pman_math.cpp">
      <Filter>src</Filter>
    </ClCompile>
    <ClCompile Include="..\src\pman_particlemem.cpp">
      <Filter>src</Filter>
    </ClCompile>
  </ItemGroup>
  <ItemGroup>
    <ClInclude Include="..\public\vector\vector.h">
      <Filter>public\vector</Filter>
    </ClInclude>
    <ClInclude Include="..\public\mathlib\mathlib.h">
      <Filter>public\mathlib</Filter>
    </ClInclude>
    <ClInclude Include="..\public\interface\interface.h">
      <Filter>public\interface</Filter>
    </ClInclude>
    <ClInclude Include="..\src\particleman.h">
      <Filter>src</Filter>
    </ClInclude>
    <ClInclude Include="..\src\pman_frustum.h">
      <Filter>src</Filter>
    </ClInclude>
    <ClInclude Include="..\src\pman_math.h">
      <Filter>src</Filter>
    </ClInclude>
    <ClInclude Include="..\src\pman_particlemem.h">
      <Filter>src</Filter>
    </ClInclude>
    <ClInclude Include="..\src\pman_triangleffect.h">
      <Filter>src</Filter>
    </ClInclude>
    <ClInclude Include="..\src\pman_main.h">
      <Filter>src</Filter>
    </ClInclude>
  </ItemGroup>
</Project>